
Microsoft Visual Studio Solution File, Format Version 12.00
# Visual Studio Version 16
VisualStudioVersion = 16.0.31613.86
MinimumVisualStudioVersion = 10.0.40219.1
Project("{FAE04EC0-301F-11D3-BF4B-00C04F79EFBC}") = "Robyte-Dev", "Robyte-Dev.csproj", "{D3AB40DA-A235-485B-B6AF-B0A78396BD09}"
EndProject
Global
	GlobalSection(SolutionConfigurationPlatforms) = preSolution
		Debug|Any CPU = Debug|Any CPU
		Release|Any CPU = Release|Any CPU
	EndGlobalSection
	GlobalSection(ProjectConfigurationPlatforms) = postSolution
		{D3AB40DA-A235-485B-B6AF-B0A78396BD09}.Debug|Any CPU.ActiveCfg = Debug|Any CPU
		{D3AB40DA-A235-485B-B6AF-B0A78396BD09}.Debug|Any CPU.Build.0 = Debug|Any CPU
		{D3AB40DA-A235-485B-B6AF-B0A78396BD09}.Release|Any CPU.ActiveCfg = Release|Any CPU
		{D3AB40DA-A235-485B-B6AF-B0A78396BD09}.Release|Any CPU.Build.0 = Release|Any CPU
	EndGlobalSection
	GlobalSection(SolutionProperties) = preSolution
		HideSolutionNode = FALSE
	EndGlobalSection
	GlobalSection(ExtensibilityGlobals) = postSolution
		SolutionGuid = {A9784911-100F-4459-87E9-056E4DB30F88}
	EndGlobalSection
EndGlobal
